{
  "name": "my_virtual_wardrobe",
  "lockfileVersion": 3,
  "requires": true,
  "packages": {
    "": {
      "dependencies": {
        "vue3-toastify": "^0.2.9"
      }
    },
    "node_modules/vue3-toastify": {
      "version": "0.2.9",
      "resolved": "https://registry.npmjs.org/vue3-toastify/-/vue3-toastify-0.2.9.tgz",
      "integrity": "sha512-LN2GJGKgjt+C6IIBANp9hCM2A4yc5jC2Kj4YGl1J7ptj4rhThOJOGGlkCg+IxDt7hntNw9n3MG9ifv/AymyxKQ==",
      "license": "MIT",
      "engines": {
        "node": ">=20",
        "npm": ">=9.0.0"
      },
      "peerDependencies": {
        "vue": ">=3.2.0"
      },
      "peerDependenciesMeta": {
        "vue": {
          "optional": true
        }
      }
    }
  }
}
